
Microsoft Visual Studio Solution File, Format Version 12.00
# Visual Studio Version 17
VisualStudioVersion = 17.10.34928.147
MinimumVisualStudioVersion = 10.0.40219.1
Project("{9A19103F-16F7-4668-BE54-9A1E7A4F7556}") = "ArknightsBetting.Avalonia", "ArknightsBetting.Avalonia\ArknightsBetting.Avalonia.csproj", "{E2117A91-0B72-4C4D-A0DC-C9D3D010BC74}"
EndProject
Project("{9A19103F-16F7-4668-BE54-9A1E7A4F7556}") = "ArknightsBetting.Common", "ArknightsBetting.Common\ArknightsBetting.Common.csproj", "{F743BAED-1B4A-42F0-82AE-0B555D6DF9E2}"
EndProject
Project("{9A19103F-16F7-4668-BE54-9A1E7A4F7556}") = "ArknightsBetting.Cli", "ArknightsBetting.Cli\ArknightsBetting.Cli.csproj", "{F271CE3D-2665-40A3-8CF6-C280B89109BD}"
EndProject
Project("{FAE04EC0-301F-11D3-BF4B-00C04F79EFBC}") = "ArknightsBetting.Common.Test", "ArknightsBetting.Common.Test\ArknightsBetting.Common.Test.csproj", "{977BA1FE-E6D1-4B10-A3A3-697B5471F951}"
EndProject
Global
	GlobalSection(SolutionConfigurationPlatforms) = preSolution
		Debug|Any CPU = Debug|Any CPU
		Release|Any CPU = Release|Any CPU
	EndGlobalSection
	GlobalSection(ProjectConfigurationPlatforms) = postSolution
		{E2117A91-0B72-4C4D-A0DC-C9D3D010BC74}.Debug|Any CPU.ActiveCfg = Debug|Any CPU
		{E2117A91-0B72-4C4D-A0DC-C9D3D010BC74}.Debug|Any CPU.Build.0 = Debug|Any CPU
		{E2117A91-0B72-4C4D-A0DC-C9D3D010BC74}.Release|Any CPU.ActiveCfg = Release|Any CPU
		{E2117A91-0B72-4C4D-A0DC-C9D3D010BC74}.Release|Any CPU.Build.0 = Release|Any CPU
		{F743BAED-1B4A-42F0-82AE-0B555D6DF9E2}.Debug|Any CPU.ActiveCfg = Debug|Any CPU
		{F743BAED-1B4A-42F0-82AE-0B555D6DF9E2}.Debug|Any CPU.Build.0 = Debug|Any CPU
		{F743BAED-1B4A-42F0-82AE-0B555D6DF9E2}.Release|Any CPU.ActiveCfg = Release|Any CPU
		{F743BAED-1B4A-42F0-82AE-0B555D6DF9E2}.Release|Any CPU.Build.0 = Release|Any CPU
		{F271CE3D-2665-40A3-8CF6-C280B89109BD}.Debug|Any CPU.ActiveCfg = Debug|Any CPU
		{F271CE3D-2665-40A3-8CF6-C280B89109BD}.Debug|Any CPU.Build.0 = Debug|Any CPU
		{F271CE3D-2665-40A3-8CF6-C280B89109BD}.Release|Any CPU.ActiveCfg = Release|Any CPU
		{F271CE3D-2665-40A3-8CF6-C280B89109BD}.Release|Any CPU.Build.0 = Release|Any CPU
		{977BA1FE-E6D1-4B10-A3A3-697B5471F951}.Debug|Any CPU.ActiveCfg = Debug|Any CPU
		{977BA1FE-E6D1-4B10-A3A3-697B5471F951}.Debug|Any CPU.Build.0 = Debug|Any CPU
		{977BA1FE-E6D1-4B10-A3A3-697B5471F951}.Release|Any CPU.ActiveCfg = Release|Any CPU
		{977BA1FE-E6D1-4B10-A3A3-697B5471F951}.Release|Any CPU.Build.0 = Release|Any CPU
	EndGlobalSection
	GlobalSection(SolutionProperties) = preSolution
		HideSolutionNode = FALSE
	EndGlobalSection
	GlobalSection(ExtensibilityGlobals) = postSolution
		SolutionGuid = {82A35AAD-2A51-42AE-AE4A-E833F434D4CF}
	EndGlobalSection
EndGlobal
